
Microsoft Visual Studio Solution File, Format Version 12.00
# Visual Studio Version 16
VisualStudioVersion = 16.0.30907.101
MinimumVisualStudioVersion = 10.0.40219.1
Project("{9A19103F-16F7-4668-BE54-9A1E7A4F7556}") = "JsonMergePatch", "src\JsonMergePatch\JsonMergePatch.csproj", "{D539E41C-F89E-44C7-B2FD-ABE4E55942F1}"
EndProject
Project("{9A19103F-16F7-4668-BE54-9A1E7A4F7556}") = "CoreWebApi", "sample\CoreWebApi\CoreWebApi.csproj", "{910E8728-872B-43EF-994F-B67953874BCB}"
EndProject
Project("{9A19103F-16F7-4668-BE54-9A1E7A4F7556}") = "JsonMergePatch.Tests", "test\JsonMergePatch.Tests\JsonMergePatch.Tests.csproj", "{7FD5D0AB-6388-4C97-896B-E648CADD86E8}"
EndProject
Project("{FAE04EC0-301F-11D3-BF4B-00C04F79EFBC}") = "SourceGenerator", "src\SourceGenerator\SourceGenerator.csproj", "{CFE85679-E443-402A-B2D9-0FFDFAD18886}"
EndProject
Project("{FAE04EC0-301F-11D3-BF4B-00C04F79EFBC}") = "JsonMergePatch.Shared", "JsonMergePatch.Shared\JsonMergePatch.Shared.csproj", "{ABEE7077-31A3-44DA-A1B3-BC5EAC01ECC5}"
EndProject
Global
	GlobalSection(SolutionConfigurationPlatforms) = preSolution
		Debug|Any CPU = Debug|Any CPU
		Release|Any CPU = Release|Any CPU
	EndGlobalSection
	GlobalSection(ProjectConfigurationPlatforms) = postSolution
		{D539E41C-F89E-44C7-B2FD-ABE4E55942F1}.Debug|Any CPU.ActiveCfg = Debug|Any CPU
		{D539E41C-F89E-44C7-B2FD-ABE4E55942F1}.Debug|Any CPU.Build.0 = Debug|Any CPU
		{D539E41C-F89E-44C7-B2FD-ABE4E55942F1}.Release|Any CPU.ActiveCfg = Release|Any CPU
		{D539E41C-F89E-44C7-B2FD-ABE4E55942F1}.Release|Any CPU.Build.0 = Release|Any CPU
		{910E8728-872B-43EF-994F-B67953874BCB}.Debug|Any CPU.ActiveCfg = Debug|Any CPU
		{910E8728-872B-43EF-994F-B67953874BCB}.Debug|Any CPU.Build.0 = Debug|Any CPU
		{910E8728-872B-43EF-994F-B67953874BCB}.Release|Any CPU.ActiveCfg = Release|Any CPU
		{910E8728-872B-43EF-994F-B67953874BCB}.Release|Any CPU.Build.0 = Release|Any CPU
		{7FD5D0AB-6388-4C97-896B-E648CADD86E8}.Debug|Any CPU.ActiveCfg = Debug|Any CPU
		{7FD5D0AB-6388-4C97-896B-E648CADD86E8}.Debug|Any CPU.Build.0 = Debug|Any CPU
		{7FD5D0AB-6388-4C97-896B-E648CADD86E8}.Release|Any CPU.ActiveCfg = Release|Any CPU
		{7FD5D0AB-6388-4C97-896B-E648CADD86E8}.Release|Any CPU.Build.0 = Release|Any CPU
		{CFE85679-E443-402A-B2D9-0FFDFAD18886}.Debug|Any CPU.ActiveCfg = Debug|Any CPU
		{CFE85679-E443-402A-B2D9-0FFDFAD18886}.Debug|Any CPU.Build.0 = Debug|Any CPU
		{CFE85679-E443-402A-B2D9-0FFDFAD18886}.Release|Any CPU.ActiveCfg = Release|Any CPU
		{CFE85679-E443-402A-B2D9-0FFDFAD18886}.Release|Any CPU.Build.0 = Release|Any CPU
		{ABEE7077-31A3-44DA-A1B3-BC5EAC01ECC5}.Debug|Any CPU.ActiveCfg = Debug|Any CPU
		{ABEE7077-31A3-44DA-A1B3-BC5EAC01ECC5}.Debug|Any CPU.Build.0 = Debug|Any CPU
		{ABEE7077-31A3-44DA-A1B3-BC5EAC01ECC5}.Release|Any CPU.ActiveCfg = Release|Any CPU
		{ABEE7077-31A3-44DA-A1B3-BC5EAC01ECC5}.Release|Any CPU.Build.0 = Release|Any CPU
	EndGlobalSection
	GlobalSection(SolutionProperties) = preSolution
		HideSolutionNode = FALSE
	EndGlobalSection
	GlobalSection(ExtensibilityGlobals) = postSolution
		SolutionGuid = {55007954-1D8A-4553-A15C-FE4AE17C0A4B}
	EndGlobalSection
EndGlobal
